
Microsoft Visual Studio Solution File, Format Version 12.00
# Visual Studio Version 17
VisualStudioVersion = 17.10.35122.118
MinimumVisualStudioVersion = 10.0.40219.1
Project("{FAE04EC0-301F-11D3-BF4B-00C04F79EFBC}") = "BookWeb", "BookWeb\BookWeb.csproj", "{D85FBFE2-FBBD-4F48-8B3B-B92E340FCBB4}"
EndProject
Global
	GlobalSection(SolutionConfigurationPlatforms) = preSolution
		Debug|Any CPU = Debug|Any CPU
		Release|Any CPU = Release|Any CPU
	EndGlobalSection
	GlobalSection(ProjectConfigurationPlatforms) = postSolution
		{D85FBFE2-FBBD-4F48-8B3B-B92E340FCBB4}.Debug|Any CPU.ActiveCfg = Debug|Any CPU
		{D85FBFE2-FBBD-4F48-8B3B-B92E340FCBB4}.Debug|Any CPU.Build.0 = Debug|Any CPU
		{D85FBFE2-FBBD-4F48-8B3B-B92E340FCBB4}.Release|Any CPU.ActiveCfg = Release|Any CPU
		{D85FBFE2-FBBD-4F48-8B3B-B92E340FCBB4}.Release|Any CPU.Build.0 = Release|Any CPU
	EndGlobalSection
	GlobalSection(SolutionProperties) = preSolution
		HideSolutionNode = FALSE
	EndGlobalSection
	GlobalSection(ExtensibilityGlobals) = postSolution
		SolutionGuid = {560F4DC5-CFB5-4538-9266-7D48131443FA}
	EndGlobalSection
EndGlobal
